# THIS IS AN AUTOGENERATED FILE. DO NOT EDIT THIS FILE DIRECTLY.
# yarn lockfile v1


"@parcel/watcher-darwin-arm64@2.5.6":
  version "2.5.6"

"@parcel/watcher@^2.4.1":
  version "2.5.6"
  dependencies:
    detect-libc "^2.0.3"
    is-glob "^4.0.3"
    node-addon-api "^7.0.0"
    picomatch "^4.0.3"
  optionalDependencies:
    "@parcel/watcher-android-arm64" "2.5.6"
    "@parcel/watcher-darwin-arm64" "2.5.6"
    "@parcel/watcher-darwin-x64" "2.5.6"
    "@parcel/watcher-freebsd-x64" "2.5.6"
    "@parcel/watcher-linux-arm-glibc" "2.5.6"
    "@parcel/watcher-linux-arm-musl" "2.5.6"
    "@parcel/watcher-linux-arm64-glibc" "2.5.6"
    "@parcel/watcher-linux-arm64-musl" "2.5.6"
    "@parcel/watcher-linux-x64-glibc" "2.5.6"
    "@parcel/watcher-linux-x64-musl" "2.5.6"
    "@parcel/watcher-win32-arm64" "2.5.6"
    "@parcel/watcher-win32-ia32" "2.5.6"
    "@parcel/watcher-win32-x64" "2.5.6"

chokidar@^5.0.0:
  version "5.0.0"
  dependencies:
    readdirp "^5.0.0"

detect-libc@^2.0.3:
  version "2.1.2"

immutable@^5.1.5:
  version "5.1.9"

is-extglob@^2.1.1:
  version "2.1.1"

is-glob@^4.0.3:
  version "4.0.3"
  dependencies:
    is-extglob "^2.1.1"

jquery@^3.7.1:
  version "3.7.1"

node-addon-api@^7.0.0:
  version "7.1.1"

picomatch@^4.0.3:
  version "4.0.4"

readdirp@^5.0.0:
  version "5.0.0"

sass@^1.104.0:
  version "1.104.1"
  resolved "https://registry.npmjs.org/sass/-/sass-1.104.1.tgz"
  integrity sha512-yDA+1aIG3EHgN4V/BvuhCvu61FF6hEd4e+9DxikUm9U0CAGuvdIZ/UYy7qbOxjhbbWQraoyLlMuzdRGOSV5Bmw==
  dependencies:
    chokidar "^5.0.0"
    immutable "^5.1.5"
    source-map-js ">=0.6.2 <2.0.0"
  optionalDependencies:
    "@parcel/watcher" "^2.4.1"

select2@^4.1.0:
  version "4.1.0"

"source-map-js@>=0.6.2 <2.0.0":
  version "1.2.1"
